
Microsoft Visual Studio Solution File, Format Version 12.00
# Visual Studio Version 17
VisualStudioVersion = 17.11.35208.52
MinimumVisualStudioVersion = 10.0.40219.1
Project("{FAE04EC0-301F-11D3-BF4B-00C04F79EFBC}") = "game_sdk", "game_sdk.csproj", "{7C0D3A88-AC6D-4B6B-8122-B64F1B0B5218}"
EndProject
Global
	GlobalSection(SolutionConfigurationPlatforms) = preSolution
		Debug|Any CPU = Debug|Any CPU
		Release|Any CPU = Release|Any CPU
	EndGlobalSection
	GlobalSection(ProjectConfigurationPlatforms) = postSolution
		{7C0D3A88-AC6D-4B6B-8122-B64F1B0B5218}.Debug|Any CPU.ActiveCfg = Debug|Any CPU
		{7C0D3A88-AC6D-4B6B-8122-B64F1B0B5218}.Debug|Any CPU.Build.0 = Debug|Any CPU
		{7C0D3A88-AC6D-4B6B-8122-B64F1B0B5218}.Release|Any CPU.ActiveCfg = Release|Any CPU
		{7C0D3A88-AC6D-4B6B-8122-B64F1B0B5218}.Release|Any CPU.Build.0 = Release|Any CPU
	EndGlobalSection
	GlobalSection(SolutionProperties) = preSolution
		HideSolutionNode = FALSE
	EndGlobalSection
	GlobalSection(ExtensibilityGlobals) = postSolution
		SolutionGuid = {FCB3BFCC-8034-4BA8-8967-AD3A10646847}
	EndGlobalSection
EndGlobal
